
Microsoft Visual Studio Solution File, Format Version 12.00
# Visual Studio Version 17
VisualStudioVersion = 17.14.36518.9 d17.14
MinimumVisualStudioVersion = 10.0.40219.1
Project("{8BC9CEB8-8B4A-11D0-8D11-00A0C91BC942}") = "List", "List\List.vcxproj", "{2D93A509-6CE9-445F-9F76-5CF060990042}"
EndProject
Global
	GlobalSection(SolutionConfigurationPlatforms) = preSolution
		Debug|ARM64 = Debug|ARM64
		Debug|x64 = Debug|x64
		Debug|x86 = Debug|x86
		Release|ARM64 = Release|ARM64
		Release|x64 = Release|x64
		Release|x86 = Release|x86
	EndGlobalSection
	GlobalSection(ProjectConfigurationPlatforms) = postSolution
		{2D93A509-6CE9-445F-9F76-5CF060990042}.Debug|ARM64.ActiveCfg = Debug|ARM64
		{2D93A509-6CE9-445F-9F76-5CF060990042}.Debug|ARM64.Build.0 = Debug|ARM64
		{2D93A509-6CE9-445F-9F76-5CF060990042}.Debug|x64.ActiveCfg = Debug|x64
		{2D93A509-6CE9-445F-9F76-5CF060990042}.Debug|x64.Build.0 = Debug|x64
		{2D93A509-6CE9-445F-9F76-5CF060990042}.Debug|x86.ActiveCfg = Debug|Win32
		{2D93A509-6CE9-445F-9F76-5CF060990042}.Debug|x86.Build.0 = Debug|Win32
		{2D93A509-6CE9-445F-9F76-5CF060990042}.Release|ARM64.ActiveCfg = Release|ARM64
		{2D93A509-6CE9-445F-9F76-5CF060990042}.Release|ARM64.Build.0 = Release|ARM64
		{2D93A509-6CE9-445F-9F76-5CF060990042}.Release|x64.ActiveCfg = Release|x64
		{2D93A509-6CE9-445F-9F76-5CF060990042}.Release|x64.Build.0 = Release|x64
		{2D93A509-6CE9-445F-9F76-5CF060990042}.Release|x86.ActiveCfg = Release|Win32
		{2D93A509-6CE9-445F-9F76-5CF060990042}.Release|x86.Build.0 = Release|Win32
	EndGlobalSection
	GlobalSection(SolutionProperties) = preSolution
		HideSolutionNode = FALSE
	EndGlobalSection
	GlobalSection(ExtensibilityGlobals) = postSolution
		SolutionGuid = {D2D8A8FF-F923-4F87-8E1A-4A871B67ABB8}
	EndGlobalSection
EndGlobal
