
Microsoft Visual Studio Solution File, Format Version 12.00
# Visual Studio Version 17
VisualStudioVersion = 17.14.36518.9 d17.14
MinimumVisualStudioVersion = 10.0.40219.1
Project("{8BC9CEB8-8B4A-11D0-8D11-00A0C91BC942}") = "CppStlSamples", "CppStlSamples\CppStlSamples.vcxproj", "{3F8016F8-16F3-4EB1-B6D2-D3F563DF1417}"
EndProject
Global
	GlobalSection(SolutionConfigurationPlatforms) = preSolution
		Debug|ARM64 = Debug|ARM64
		Debug|x64 = Debug|x64
		Debug|x86 = Debug|x86
		Release|ARM64 = Release|ARM64
		Release|x64 = Release|x64
		Release|x86 = Release|x86
	EndGlobalSection
	GlobalSection(ProjectConfigurationPlatforms) = postSolution
		{3F8016F8-16F3-4EB1-B6D2-D3F563DF1417}.Debug|ARM64.ActiveCfg = Debug|ARM64
		{3F8016F8-16F3-4EB1-B6D2-D3F563DF1417}.Debug|ARM64.Build.0 = Debug|ARM64
		{3F8016F8-16F3-4EB1-B6D2-D3F563DF1417}.Debug|x64.ActiveCfg = Debug|x64
		{3F8016F8-16F3-4EB1-B6D2-D3F563DF1417}.Debug|x64.Build.0 = Debug|x64
		{3F8016F8-16F3-4EB1-B6D2-D3F563DF1417}.Debug|x86.ActiveCfg = Debug|Win32
		{3F8016F8-16F3-4EB1-B6D2-D3F563DF1417}.Debug|x86.Build.0 = Debug|Win32
		{3F8016F8-16F3-4EB1-B6D2-D3F563DF1417}.Release|ARM64.ActiveCfg = Release|ARM64
		{3F8016F8-16F3-4EB1-B6D2-D3F563DF1417}.Release|ARM64.Build.0 = Release|ARM64
		{3F8016F8-16F3-4EB1-B6D2-D3F563DF1417}.Release|x64.ActiveCfg = Release|x64
		{3F8016F8-16F3-4EB1-B6D2-D3F563DF1417}.Release|x64.Build.0 = Release|x64
		{3F8016F8-16F3-4EB1-B6D2-D3F563DF1417}.Release|x86.ActiveCfg = Release|Win32
		{3F8016F8-16F3-4EB1-B6D2-D3F563DF1417}.Release|x86.Build.0 = Release|Win32
	EndGlobalSection
	GlobalSection(SolutionProperties) = preSolution
		HideSolutionNode = FALSE
	EndGlobalSection
	GlobalSection(ExtensibilityGlobals) = postSolution
		SolutionGuid = {CFE7C27D-3435-43E2-AE7D-73DCEF4EFC39}
	EndGlobalSection
EndGlobal
